
Microsoft Visual Studio Solution File, Format Version 12.00
# Visual Studio Version 17
VisualStudioVersion = 17.4.33213.308
MinimumVisualStudioVersion = 10.0.40219.1
Project("{FAE04EC0-301F-11D3-BF4B-00C04F79EFBC}") = "Login-backend", "Login-backend.csproj", "{346D1090-9BEE-4D2A-83B2-C3423CCDAA3E}"
EndProject
Global
	GlobalSection(SolutionConfigurationPlatforms) = preSolution
		Debug|Any CPU = Debug|Any CPU
		Release|Any CPU = Release|Any CPU
	EndGlobalSection
	GlobalSection(ProjectConfigurationPlatforms) = postSolution
		{346D1090-9BEE-4D2A-83B2-C3423CCDAA3E}.Debug|Any CPU.ActiveCfg = Debug|Any CPU
		{346D1090-9BEE-4D2A-83B2-C3423CCDAA3E}.Debug|Any CPU.Build.0 = Debug|Any CPU
		{346D1090-9BEE-4D2A-83B2-C3423CCDAA3E}.Release|Any CPU.ActiveCfg = Release|Any CPU
		{346D1090-9BEE-4D2A-83B2-C3423CCDAA3E}.Release|Any CPU.Build.0 = Release|Any CPU
	EndGlobalSection
	GlobalSection(SolutionProperties) = preSolution
		HideSolutionNode = FALSE
	EndGlobalSection
	GlobalSection(ExtensibilityGlobals) = postSolution
		SolutionGuid = {29E818B4-96B7-4B21-A3D0-1AAAFFA041D9}
	EndGlobalSection
EndGlobal
